
Microsoft Visual Studio Solution File, Format Version 12.00
# Visual Studio Version 16
VisualStudioVersion = 16.0.31729.503
MinimumVisualStudioVersion = 10.0.40219.1
Project("{FAE04EC0-301F-11D3-BF4B-00C04F79EFBC}") = "MVC.AcademistPortal", "MVC.AcademistPortal\MVC.AcademistPortal.csproj", "{65F83774-D6CD-462A-9950-CC4A29633EA4}"
EndProject
Global
	GlobalSection(SolutionConfigurationPlatforms) = preSolution
		Debug|Any CPU = Debug|Any CPU
		Release|Any CPU = Release|Any CPU
	EndGlobalSection
	GlobalSection(ProjectConfigurationPlatforms) = postSolution
		{65F83774-D6CD-462A-9950-CC4A29633EA4}.Debug|Any CPU.ActiveCfg = Debug|Any CPU
		{65F83774-D6CD-462A-9950-CC4A29633EA4}.Debug|Any CPU.Build.0 = Debug|Any CPU
		{65F83774-D6CD-462A-9950-CC4A29633EA4}.Release|Any CPU.ActiveCfg = Release|Any CPU
		{65F83774-D6CD-462A-9950-CC4A29633EA4}.Release|Any CPU.Build.0 = Release|Any CPU
	EndGlobalSection
	GlobalSection(SolutionProperties) = preSolution
		HideSolutionNode = FALSE
	EndGlobalSection
	GlobalSection(ExtensibilityGlobals) = postSolution
		SolutionGuid = {1323F1D3-9AEC-4D15-B098-30239AF1C17E}
	EndGlobalSection
EndGlobal
